
Microsoft Visual Studio Solution File, Format Version 12.00
# Visual Studio 15
VisualStudioVersion = 15.0.27703.2018
MinimumVisualStudioVersion = 10.0.40219.1
Project("{151D2E53-A2C4-4D7D-83FE-D05416EBD58E}") = "BI-INF-PRO-RGP-NET-HUB-001", "BI-INF-PRO-RGP-NET-HUB-001\BI-INF-PRO-RGP-NET-HUB-001.deployproj", "{D9D3B826-2CC3-485A-B8A5-6FD2DC5B8724}"
EndProject
Global
	GlobalSection(SolutionConfigurationPlatforms) = preSolution
		Debug|Any CPU = Debug|Any CPU
		Release|Any CPU = Release|Any CPU
	EndGlobalSection
	GlobalSection(ProjectConfigurationPlatforms) = postSolution
		{D9D3B826-2CC3-485A-B8A5-6FD2DC5B8724}.Debug|Any CPU.ActiveCfg = Debug|Any CPU
		{D9D3B826-2CC3-485A-B8A5-6FD2DC5B8724}.Debug|Any CPU.Build.0 = Debug|Any CPU
		{D9D3B826-2CC3-485A-B8A5-6FD2DC5B8724}.Release|Any CPU.ActiveCfg = Release|Any CPU
		{D9D3B826-2CC3-485A-B8A5-6FD2DC5B8724}.Release|Any CPU.Build.0 = Release|Any CPU
	EndGlobalSection
	GlobalSection(SolutionProperties) = preSolution
		HideSolutionNode = FALSE
	EndGlobalSection
	GlobalSection(ExtensibilityGlobals) = postSolution
		SolutionGuid = {FB8F2285-CD7C-4AD3-9D63-B97A0D72F858}
	EndGlobalSection
EndGlobal
